
Microsoft Visual Studio Solution File, Format Version 12.00
# Visual Studio Version 16
VisualStudioVersion = 16.0.29613.14
MinimumVisualStudioVersion = 10.0.40219.1
Project("{FAE04EC0-301F-11D3-BF4B-00C04F79EFBC}") = "Leetcode", "Leetcode\Leetcode.csproj", "{6C8865CE-1B70-451E-BE5C-D204B327811D}"
EndProject
Global
	GlobalSection(SolutionConfigurationPlatforms) = preSolution
		Debug|Any CPU = Debug|Any CPU
		Release|Any CPU = Release|Any CPU
	EndGlobalSection
	GlobalSection(ProjectConfigurationPlatforms) = postSolution
		{6C8865CE-1B70-451E-BE5C-D204B327811D}.Debug|Any CPU.ActiveCfg = Debug|Any CPU
		{6C8865CE-1B70-451E-BE5C-D204B327811D}.Debug|Any CPU.Build.0 = Debug|Any CPU
		{6C8865CE-1B70-451E-BE5C-D204B327811D}.Release|Any CPU.ActiveCfg = Release|Any CPU
		{6C8865CE-1B70-451E-BE5C-D204B327811D}.Release|Any CPU.Build.0 = Release|Any CPU
	EndGlobalSection
	GlobalSection(SolutionProperties) = preSolution
		HideSolutionNode = FALSE
	EndGlobalSection
	GlobalSection(ExtensibilityGlobals) = postSolution
		SolutionGuid = {7FCC044A-43DC-4060-85CE-96EA1676BB86}
	EndGlobalSection
EndGlobal
